schema: '2.0'
stages:
  make_dataset:
    cmd: python .\src\data\make_dataset.py
    deps:
    - path: .\data\raw\creditcard.csv
      hash: md5
      md5: e90efcb83d69faf99fcab8b0255024de
      size: 150828752
    - path: .\src\data\make_dataset.py
      hash: md5
      md5: 0c638aff1d639134fe70edb05baddd12
      size: 1679
    params:
      params.yaml:
        make_dataset.seed: 42
        make_dataset.test_split: 0.3
    outs:
    - path: .\data\processed\
      hash: md5
      md5: 58ed805b089b73109e57de0cbed4eebb.dir
      size: 151102527
      nfiles: 2
  train_model:
    cmd: python .\src\models\train_model.py .\data\processed\
    deps:
    - path: .\data\processed\
      hash: md5
      md5: 58ed805b089b73109e57de0cbed4eebb.dir
      size: 151102527
      nfiles: 2
    - path: .\src\models\train_model.py
      hash: md5
      md5: 8041be6ced34277486e8b7cef7813802
      size: 1690
    outs:
    - path: .\models\
      hash: md5
      md5: 30ef4a539c17ef6edc61e59846d7bdf4.dir
      size: 69398
      nfiles: 1
  visualize:
    cmd: python .\src\visualization\visualize.py .\models\model.joblib .\data\processed\
    deps:
    - path: .\data\processed\
      hash: md5
      md5: 58ed805b089b73109e57de0cbed4eebb.dir
      size: 151102527
      nfiles: 2
    - path: .\models\model.joblib
      hash: md5
      md5: a49e9e19da387097633564ed1d5a0780
      size: 69398
    - path: .\src\visualization\visualize.py
      hash: md5
      md5: 00fc15a17431ba7a2ac576a0e3278dc6
      size: 3780
    outs:
    - path: dvclive
      hash: md5
      md5: 3935020e20051f9ef0ce37439355cfdd.dir
      size: 18763000
      nfiles: 8
