schema: '2.0'
stages:
  make_dataset:
    cmd: python .\src\data\make_dataset.py
    deps:
    - path: .\data\raw\creditcard.csv
      hash: md5
      md5: e90efcb83d69faf99fcab8b0255024de
      size: 150828752
    - path: .\src\data\make_dataset.py
      hash: md5
      md5: 0c638aff1d639134fe70edb05baddd12
      size: 1679
    params:
      params.yaml:
        make_dataset.seed: 42
        make_dataset.test_split: 0.25
    outs:
    - path: .\data\processed\
      hash: md5
      md5: 4aa705792ca61ed9a56b840f310dd067.dir
      size: 151102527
      nfiles: 2
  train_model:
    cmd: python .\src\models\train_model.py .\data\processed\
    deps:
    - path: .\data\processed\
      hash: md5
      md5: 4aa705792ca61ed9a56b840f310dd067.dir
      size: 151102527
      nfiles: 2
    - path: .\src\models\train_model.py
      hash: md5
      md5: 8041be6ced34277486e8b7cef7813802
      size: 1690
    params:
      params.yaml:
        train_model.max_depth: 5
        train_model.n_estimators: 2
        train_model.seed: 42
    outs:
    - path: .\models\
      hash: md5
      md5: 67ddfe52a83bad9323be27f8fa0819de.dir
      size: 8736
      nfiles: 1
  visualize:
    cmd: python .\src\visualization\visualize.py .\models\model.joblib .\data\processed\
    deps:
    - path: .\data\processed\
      hash: md5
      md5: 4aa705792ca61ed9a56b840f310dd067.dir
      size: 151102527
      nfiles: 2
    - path: .\models\model.joblib
      hash: md5
      md5: 875713ce494dade3d47919f2bfa61c97
      size: 8736
    - path: .\src\visualization\visualize.py
      hash: md5
      md5: 00fc15a17431ba7a2ac576a0e3278dc6
      size: 3780
    outs:
    - path: dvclive
      hash: md5
      md5: a0235bb4ecdb80fe10e991340d6a5d97.dir
      size: 18550390
      nfiles: 8
